
Microsoft Visual Studio Solution File, Format Version 12.00
# Visual Studio 2015
Project("{FAE04EC0-301F-11D3-BF4B-00C04F79EFBC}") = "Project-Tower-interface1.CSharp.Plugins", "Project-Tower-interface1.CSharp.Plugins.csproj", "{2B343EBE-CBC7-5C2C-A595-E753B236B1EC}"
EndProject
Project("{FAE04EC0-301F-11D3-BF4B-00C04F79EFBC}") = "Project-Tower-interface1.CSharp", "Project-Tower-interface1.CSharp.csproj", "{5F440D21-BEC5-E3FF-905B-F4559B80720B}"
EndProject
Project("{FAE04EC0-301F-11D3-BF4B-00C04F79EFBC}") = "Project-Tower-interface1.CSharp.Editor.Plugins", "Project-Tower-interface1.CSharp.Editor.Plugins.csproj", "{C5FE63D4-470D-43D7-F360-499D6E338FA1}"
EndProject
Project("{FAE04EC0-301F-11D3-BF4B-00C04F79EFBC}") = "Project-Tower-interface1.CSharp.Editor", "Project-Tower-interface1.CSharp.Editor.csproj", "{DC0B3FD2-B7E6-8FF1-9A93-54E0A4BB701E}"
EndProject
Global
	GlobalSection(SolutionConfigurationPlatforms) = preSolution
		Debug|Any CPU = Debug|Any CPU
		Release|Any CPU = Release|Any CPU
	EndGlobalSection
	GlobalSection(ProjectConfigurationPlatforms) = postSolution
		{2B343EBE-CBC7-5C2C-A595-E753B236B1EC}.Debug|Any CPU.ActiveCfg = Debug|Any CPU
		{2B343EBE-CBC7-5C2C-A595-E753B236B1EC}.Debug|Any CPU.Build.0 = Debug|Any CPU
		{2B343EBE-CBC7-5C2C-A595-E753B236B1EC}.Release|Any CPU.ActiveCfg = Release|Any CPU
		{2B343EBE-CBC7-5C2C-A595-E753B236B1EC}.Release|Any CPU.Build.0 = Release|Any CPU
		{5F440D21-BEC5-E3FF-905B-F4559B80720B}.Debug|Any CPU.ActiveCfg = Debug|Any CPU
		{5F440D21-BEC5-E3FF-905B-F4559B80720B}.Debug|Any CPU.Build.0 = Debug|Any CPU
		{5F440D21-BEC5-E3FF-905B-F4559B80720B}.Release|Any CPU.ActiveCfg = Release|Any CPU
		{5F440D21-BEC5-E3FF-905B-F4559B80720B}.Release|Any CPU.Build.0 = Release|Any CPU
		{C5FE63D4-470D-43D7-F360-499D6E338FA1}.Debug|Any CPU.ActiveCfg = Debug|Any CPU
		{C5FE63D4-470D-43D7-F360-499D6E338FA1}.Debug|Any CPU.Build.0 = Debug|Any CPU
		{C5FE63D4-470D-43D7-F360-499D6E338FA1}.Release|Any CPU.ActiveCfg = Release|Any CPU
		{C5FE63D4-470D-43D7-F360-499D6E338FA1}.Release|Any CPU.Build.0 = Release|Any CPU
		{DC0B3FD2-B7E6-8FF1-9A93-54E0A4BB701E}.Debug|Any CPU.ActiveCfg = Debug|Any CPU
		{DC0B3FD2-B7E6-8FF1-9A93-54E0A4BB701E}.Debug|Any CPU.Build.0 = Debug|Any CPU
		{DC0B3FD2-B7E6-8FF1-9A93-54E0A4BB701E}.Release|Any CPU.ActiveCfg = Release|Any CPU
		{DC0B3FD2-B7E6-8FF1-9A93-54E0A4BB701E}.Release|Any CPU.Build.0 = Release|Any CPU
	EndGlobalSection
	GlobalSection(SolutionProperties) = preSolution
		HideSolutionNode = FALSE
	EndGlobalSection
EndGlobal
